
Microsoft Visual Studio Solution File, Format Version 12.00
# Visual Studio Version 17
VisualStudioVersion = 17.10.35122.118
MinimumVisualStudioVersion = 10.0.40219.1
Project("{9A19103F-16F7-4668-BE54-9A1E7A4F7556}") = "Levara.WebApi", "Boilerplate\Levara.WebApi.csproj", "{423D2F09-EAD6-4522-8820-A45DAEC89B7B}"
EndProject
Project("{9A19103F-16F7-4668-BE54-9A1E7A4F7556}") = "Levara.DAL", "Boilerplate.DAL\Levara.DAL.csproj", "{6A01AA59-77EB-4F11-8FBB-13DAFE52AA5E}"
EndProject
Project("{9A19103F-16F7-4668-BE54-9A1E7A4F7556}") = "Levara.Shared", "Shared\Levara.Shared.csproj", "{37A37037-4F42-4842-AE9A-D3DCBCCED0D8}"
EndProject
Project("{9A19103F-16F7-4668-BE54-9A1E7A4F7556}") = "Levara.Domain", "Boilerplate.Domain\Levara.Domain.csproj", "{1F37B6E2-45FD-49B4-A8E9-1058EF58DB29}"
EndProject
Project("{9A19103F-16F7-4668-BE54-9A1E7A4F7556}") = "Levara.Application", "Boilerplate.Application\Levara.Application.csproj", "{3739BD8E-DF03-43DB-A997-1CC66ACBC130}"
EndProject
Project("{9A19103F-16F7-4668-BE54-9A1E7A4F7556}") = "Levara.ExternalService", "Boilerplate.ExternalService\Levara.ExternalService.csproj", "{6E7C626B-7968-4C74-8A12-7F365E7F71A9}"
EndProject
Global
	GlobalSection(SolutionConfigurationPlatforms) = preSolution
		Debug|Any CPU = Debug|Any CPU
		Release|Any CPU = Release|Any CPU
	EndGlobalSection
	GlobalSection(ProjectConfigurationPlatforms) = postSolution
		{423D2F09-EAD6-4522-8820-A45DAEC89B7B}.Debug|Any CPU.ActiveCfg = Debug|Any CPU
		{423D2F09-EAD6-4522-8820-A45DAEC89B7B}.Debug|Any CPU.Build.0 = Debug|Any CPU
		{423D2F09-EAD6-4522-8820-A45DAEC89B7B}.Release|Any CPU.ActiveCfg = Release|Any CPU
		{423D2F09-EAD6-4522-8820-A45DAEC89B7B}.Release|Any CPU.Build.0 = Release|Any CPU
		{6A01AA59-77EB-4F11-8FBB-13DAFE52AA5E}.Debug|Any CPU.ActiveCfg = Debug|Any CPU
		{6A01AA59-77EB-4F11-8FBB-13DAFE52AA5E}.Debug|Any CPU.Build.0 = Debug|Any CPU
		{6A01AA59-77EB-4F11-8FBB-13DAFE52AA5E}.Release|Any CPU.ActiveCfg = Release|Any CPU
		{6A01AA59-77EB-4F11-8FBB-13DAFE52AA5E}.Release|Any CPU.Build.0 = Release|Any CPU
		{37A37037-4F42-4842-AE9A-D3DCBCCED0D8}.Debug|Any CPU.ActiveCfg = Debug|Any CPU
		{37A37037-4F42-4842-AE9A-D3DCBCCED0D8}.Debug|Any CPU.Build.0 = Debug|Any CPU
		{37A37037-4F42-4842-AE9A-D3DCBCCED0D8}.Release|Any CPU.ActiveCfg = Release|Any CPU
		{37A37037-4F42-4842-AE9A-D3DCBCCED0D8}.Release|Any CPU.Build.0 = Release|Any CPU
		{1F37B6E2-45FD-49B4-A8E9-1058EF58DB29}.Debug|Any CPU.ActiveCfg = Debug|Any CPU
		{1F37B6E2-45FD-49B4-A8E9-1058EF58DB29}.Debug|Any CPU.Build.0 = Debug|Any CPU
		{1F37B6E2-45FD-49B4-A8E9-1058EF58DB29}.Release|Any CPU.ActiveCfg = Release|Any CPU
		{1F37B6E2-45FD-49B4-A8E9-1058EF58DB29}.Release|Any CPU.Build.0 = Release|Any CPU
		{3739BD8E-DF03-43DB-A997-1CC66ACBC130}.Debug|Any CPU.ActiveCfg = Debug|Any CPU
		{3739BD8E-DF03-43DB-A997-1CC66ACBC130}.Debug|Any CPU.Build.0 = Debug|Any CPU
		{3739BD8E-DF03-43DB-A997-1CC66ACBC130}.Release|Any CPU.ActiveCfg = Release|Any CPU
		{3739BD8E-DF03-43DB-A997-1CC66ACBC130}.Release|Any CPU.Build.0 = Release|Any CPU
		{6E7C626B-7968-4C74-8A12-7F365E7F71A9}.Debug|Any CPU.ActiveCfg = Debug|Any CPU
		{6E7C626B-7968-4C74-8A12-7F365E7F71A9}.Debug|Any CPU.Build.0 = Debug|Any CPU
		{6E7C626B-7968-4C74-8A12-7F365E7F71A9}.Release|Any CPU.ActiveCfg = Release|Any CPU
		{6E7C626B-7968-4C74-8A12-7F365E7F71A9}.Release|Any CPU.Build.0 = Release|Any CPU
	EndGlobalSection
	GlobalSection(SolutionProperties) = preSolution
		HideSolutionNode = FALSE
	EndGlobalSection
	GlobalSection(ExtensibilityGlobals) = postSolution
		SolutionGuid = {DAC65DD4-64A2-4086-B827-28325B1E6541}
	EndGlobalSection
EndGlobal
